
Microsoft Visual Studio Solution File, Format Version 12.00
# Visual Studio Version 16
VisualStudioVersion = 16.0.31005.135
MinimumVisualStudioVersion = 10.0.40219.1
Project("{FAE04EC0-301F-11D3-BF4B-00C04F79EFBC}") = "RefactorPractice", "RefactorPractice\RefactorPractice.csproj", "{DC520388-FBCD-4A58-98BC-EBC9BEDA2588}"
EndProject
Project("{FAE04EC0-301F-11D3-BF4B-00C04F79EFBC}") = "RefactorPracticeTests", "RefactorPracticeTests\RefactorPracticeTests.csproj", "{F38EE6C1-7EF0-4668-B992-43724A28D03D}"
EndProject
Project("{9A19103F-16F7-4668-BE54-9A1E7A4F7556}") = "ExtractMethod", "ExtractMethod\ExtractMethod.csproj", "{D0BFD327-C425-4B56-B74A-0980AD23838D}"
EndProject
Project("{9A19103F-16F7-4668-BE54-9A1E7A4F7556}") = "MakingMethodCallsSimpler", "MakingMethodCallsSimpler\MakingMethodCallsSimpler.csproj", "{D8A36E5A-824A-4338-9426-4D7B691CDFD0}"
EndProject
Project("{9A19103F-16F7-4668-BE54-9A1E7A4F7556}") = "Simplifying Conditional Expressions", "Simplifying Conditional Expressions\Simplifying Conditional Expressions.csproj", "{6BF8A8DD-D604-407F-BC31-D5D8D487683E}"
EndProject
Project("{FAE04EC0-301F-11D3-BF4B-00C04F79EFBC}") = "Simplifying Conditional ExpressionsTests", "Simplifying Conditional ExpressionsTests\Simplifying Conditional ExpressionsTests.csproj", "{EB4D1650-1107-4ACF-8323-E3C5450455D2}"
EndProject
Global
	GlobalSection(SolutionConfigurationPlatforms) = preSolution
		Debug|Any CPU = Debug|Any CPU
		Release|Any CPU = Release|Any CPU
	EndGlobalSection
	GlobalSection(ProjectConfigurationPlatforms) = postSolution
		{DC520388-FBCD-4A58-98BC-EBC9BEDA2588}.Debug|Any CPU.ActiveCfg = Debug|Any CPU
		{DC520388-FBCD-4A58-98BC-EBC9BEDA2588}.Debug|Any CPU.Build.0 = Debug|Any CPU
		{DC520388-FBCD-4A58-98BC-EBC9BEDA2588}.Release|Any CPU.ActiveCfg = Release|Any CPU
		{DC520388-FBCD-4A58-98BC-EBC9BEDA2588}.Release|Any CPU.Build.0 = Release|Any CPU
		{F38EE6C1-7EF0-4668-B992-43724A28D03D}.Debug|Any CPU.ActiveCfg = Debug|Any CPU
		{F38EE6C1-7EF0-4668-B992-43724A28D03D}.Debug|Any CPU.Build.0 = Debug|Any CPU
		{F38EE6C1-7EF0-4668-B992-43724A28D03D}.Release|Any CPU.ActiveCfg = Release|Any CPU
		{F38EE6C1-7EF0-4668-B992-43724A28D03D}.Release|Any CPU.Build.0 = Release|Any CPU
		{D0BFD327-C425-4B56-B74A-0980AD23838D}.Debug|Any CPU.ActiveCfg = Debug|Any CPU
		{D0BFD327-C425-4B56-B74A-0980AD23838D}.Debug|Any CPU.Build.0 = Debug|Any CPU
		{D0BFD327-C425-4B56-B74A-0980AD23838D}.Release|Any CPU.ActiveCfg = Release|Any CPU
		{D0BFD327-C425-4B56-B74A-0980AD23838D}.Release|Any CPU.Build.0 = Release|Any CPU
		{D8A36E5A-824A-4338-9426-4D7B691CDFD0}.Debug|Any CPU.ActiveCfg = Debug|Any CPU
		{D8A36E5A-824A-4338-9426-4D7B691CDFD0}.Debug|Any CPU.Build.0 = Debug|Any CPU
		{D8A36E5A-824A-4338-9426-4D7B691CDFD0}.Release|Any CPU.ActiveCfg = Release|Any CPU
		{D8A36E5A-824A-4338-9426-4D7B691CDFD0}.Release|Any CPU.Build.0 = Release|Any CPU
		{6BF8A8DD-D604-407F-BC31-D5D8D487683E}.Debug|Any CPU.ActiveCfg = Debug|Any CPU
		{6BF8A8DD-D604-407F-BC31-D5D8D487683E}.Debug|Any CPU.Build.0 = Debug|Any CPU
		{6BF8A8DD-D604-407F-BC31-D5D8D487683E}.Release|Any CPU.ActiveCfg = Release|Any CPU
		{6BF8A8DD-D604-407F-BC31-D5D8D487683E}.Release|Any CPU.Build.0 = Release|Any CPU
		{EB4D1650-1107-4ACF-8323-E3C5450455D2}.Debug|Any CPU.ActiveCfg = Debug|Any CPU
		{EB4D1650-1107-4ACF-8323-E3C5450455D2}.Debug|Any CPU.Build.0 = Debug|Any CPU
		{EB4D1650-1107-4ACF-8323-E3C5450455D2}.Release|Any CPU.ActiveCfg = Release|Any CPU
		{EB4D1650-1107-4ACF-8323-E3C5450455D2}.Release|Any CPU.Build.0 = Release|Any CPU
	EndGlobalSection
	GlobalSection(SolutionProperties) = preSolution
		HideSolutionNode = FALSE
	EndGlobalSection
	GlobalSection(ExtensibilityGlobals) = postSolution
		SolutionGuid = {BD279850-53ED-402E-BAFE-3FCF4B884D63}
	EndGlobalSection
EndGlobal
